github.com/a-h/templ v0.2.476 h1:+H4hP4CwK4kfJwXsE6kHeFWMGtcVOVoOm/I64uzARBk=
github.com/a-h/templ v0.2.476/go.mod h1:zQ95mSyadNTGHv6k5Fm+wQU8zkBMMbHCHg7eAvUZKNM=
github.com/go-gorp/gorp v2.2.0+incompatible h1:xAUh4QgEeqPPhK3vxZN+bzrim1z5Av6q837gtjUlshc=
github.com/go-gorp/gorp v2.2.0+incompatible/go.mod h1:7IfkAQnO7jfT/9IQ3R9wL1dFhukN6aQxzKTHnkxzA/E=
github.com/gorilla/mux v1.8.1 h1:TuBL49tXwgrFYWhqrNgrUNEY92u81SPhu7sTdzQEiWY=
github.com/gorilla/mux v1.8.1/go.mod h1:AKf9I4AEqPTmMytcMc0KkNouC66V3BtZ4qD5fmWSiMQ=
github.com/mattn/go-sqlite3 v1.14.18 h1:JL0eqdCOq6DJVNPSvArO/bIV9/P7fbGrV00LZHc+5aI=
github.com/mattn/go-sqlite3 v1.14.18/go.mod h1:2eHXhiwb8IkHr+BDWZGa96P6+rkvnG63S2DGjv9HUNg=
